
Microsoft Visual Studio Solution File, Format Version 12.00
# Visual Studio 2013
VisualStudioVersion = 12.0.40629.0
MinimumVisualStudioVersion = 10.0.40219.1
Project("{FAE04EC0-301F-11D3-BF4B-00C04F79EFBC}") = "DesignPatternPractice", "DesignPatternPractice\DesignPatternPractice.csproj", "{875B38B4-5B98-41B7-9ED7-60D861A8B74D}"
EndProject
Project("{2150E333-8FDC-42A3-9474-1A3956D46DE8}") = "CascadePattern", "CascadePattern", "{B0834926-EB44-4212-88ED-7B98421FA2F8}"
EndProject
Project("{FAE04EC0-301F-11D3-BF4B-00C04F79EFBC}") = "CascadePattern", "CascadePattern\CascadePattern.csproj", "{FCB8AE91-44BF-4D64-AF9C-D0188C4334C7}"
EndProject
Project("{2150E333-8FDC-42A3-9474-1A3956D46DE8}") = "BuilderPattern", "BuilderPattern", "{06CF8207-7F51-4ADB-8EA0-DAEC96248518}"
EndProject
Project("{FAE04EC0-301F-11D3-BF4B-00C04F79EFBC}") = "BuilderPattern", "BuilderPattern\BuilderPattern.csproj", "{DF50C9D3-2D5D-4E0A-BF71-4E09EA222E6B}"
EndProject
Project("{2150E333-8FDC-42A3-9474-1A3956D46DE8}") = "FactoryMethod", "FactoryMethod", "{A60B76E3-FEF6-4405-BE65-1D025BD297BE}"
EndProject
Project("{FAE04EC0-301F-11D3-BF4B-00C04F79EFBC}") = "FactoryMethod", "FactoryMethod\FactoryMethod.csproj", "{7ED25AD2-3EC7-4A02-9D22-C53152139EE5}"
EndProject
Project("{2150E333-8FDC-42A3-9474-1A3956D46DE8}") = "CreationalPatterns", "CreationalPatterns", "{3D6758D4-704C-43FA-922D-84C4913DF837}"
EndProject
Project("{2150E333-8FDC-42A3-9474-1A3956D46DE8}") = "MiscPatterns", "MiscPatterns", "{A7223FE2-2F79-4B58-83C6-8693EA7F9960}"
EndProject
Project("{2150E333-8FDC-42A3-9474-1A3956D46DE8}") = "Prototype", "Prototype", "{45D1B705-D978-4C6A-8DCE-0157034E6FFB}"
EndProject
Project("{FAE04EC0-301F-11D3-BF4B-00C04F79EFBC}") = "Prototype", "Prototype\Prototype.csproj", "{03889D89-8030-47E2-82AC-DEA641121253}"
EndProject
Project("{2150E333-8FDC-42A3-9474-1A3956D46DE8}") = "Singleton", "Singleton", "{272C4849-BB7F-4800-9A9E-FC68BFF3C2C4}"
EndProject
Project("{FAE04EC0-301F-11D3-BF4B-00C04F79EFBC}") = "Singleton", "Singleton\Singleton.csproj", "{60872186-BE4D-427A-9349-FC385C7C4DA2}"
EndProject
Project("{2150E333-8FDC-42A3-9474-1A3956D46DE8}") = "AbstractFactory", "AbstractFactory", "{75FB74A8-A9D3-4475-AD3D-C8A3C01E212F}"
EndProject
Project("{FAE04EC0-301F-11D3-BF4B-00C04F79EFBC}") = "AbstractFactory", "AbstractFactory\AbstractFactory.csproj", "{2AF7A02E-519D-440C-9834-A12DBE4B025C}"
EndProject
Project("{2150E333-8FDC-42A3-9474-1A3956D46DE8}") = "StructuralPatterns", "StructuralPatterns", "{7D52428A-F40B-4ACF-9282-063C5A4AFADE}"
EndProject
Project("{FAE04EC0-301F-11D3-BF4B-00C04F79EFBC}") = "AdapterPattern", "AdapterPattern\AdapterPattern.csproj", "{7CEB4457-D4BC-49A8-A05A-9B9669F9DCB5}"
EndProject
Project("{FAE04EC0-301F-11D3-BF4B-00C04F79EFBC}") = "BridgePattern", "BridgePattern\BridgePattern.csproj", "{FFB0A610-358F-4772-9893-7E4A1AAA833D}"
EndProject
Project("{FAE04EC0-301F-11D3-BF4B-00C04F79EFBC}") = "CompositePattern", "CompositePattern\CompositePattern.csproj", "{CB5746CA-F26E-4DC4-86F2-6037FA87F075}"
EndProject
Project("{FAE04EC0-301F-11D3-BF4B-00C04F79EFBC}") = "DecoratorPattern", "DecoratorPattern\DecoratorPattern.csproj", "{EB1E9F7F-291A-4A7E-B282-E21075B3769E}"
EndProject
Project("{FAE04EC0-301F-11D3-BF4B-00C04F79EFBC}") = "FacadePattern", "FacadePattern\FacadePattern.csproj", "{C5D2428D-BDE0-4AFC-8B20-74D722535FFF}"
EndProject
Project("{FAE04EC0-301F-11D3-BF4B-00C04F79EFBC}") = "ProxyPattern", "ProxyPattern\ProxyPattern.csproj", "{C969B8FE-AFE5-4D4F-99B6-735C4BFD739D}"
EndProject
Project("{2150E333-8FDC-42A3-9474-1A3956D46DE8}") = "BehavioralPatterns", "BehavioralPatterns", "{4D6F72EE-4E2A-4423-BC09-B1A8BAE32FBF}"
EndProject
Project("{FAE04EC0-301F-11D3-BF4B-00C04F79EFBC}") = "ChainOfResponsibility", "ChainOfResponsibility\ChainOfResponsibility.csproj", "{5CEBE635-9006-42B8-AD10-38015C836126}"
EndProject
Project("{FAE04EC0-301F-11D3-BF4B-00C04F79EFBC}") = "CommandPattern", "CommandPattern\CommandPattern.csproj", "{FDEC618A-32D1-403F-B71F-3E35BAF5A737}"
EndProject
Project("{FAE04EC0-301F-11D3-BF4B-00C04F79EFBC}") = "IteratorPattern", "IteratorPattern\IteratorPattern.csproj", "{886F3FA4-6122-4C1E-A2BF-6C3549D16655}"
EndProject
Project("{FAE04EC0-301F-11D3-BF4B-00C04F79EFBC}") = "Mediator", "Mediator\Mediator.csproj", "{60196CF4-6497-424B-98A7-4756C87F9461}"
EndProject
Project("{FAE04EC0-301F-11D3-BF4B-00C04F79EFBC}") = "MomentoPattern", "MomentoPattern\MomentoPattern.csproj", "{908D9D93-D258-4391-881D-BD2E36E72C96}"
EndProject
Project("{FAE04EC0-301F-11D3-BF4B-00C04F79EFBC}") = "Observer", "Observer\Observer.csproj", "{42EADA55-8252-41C9-9FCD-4B9BDFF0F9E8}"
EndProject
Project("{FAE04EC0-301F-11D3-BF4B-00C04F79EFBC}") = "StatePattern", "StatePattern\StatePattern.csproj", "{1C36A7EE-D759-4619-9854-AFE7E864FCC7}"
EndProject
Project("{FAE04EC0-301F-11D3-BF4B-00C04F79EFBC}") = "StrategyPattern.cs", "StrategyPattern.cs\StrategyPattern.cs.csproj", "{400C1BF9-FF21-4077-934D-B17CEE921EDC}"
EndProject
Project("{FAE04EC0-301F-11D3-BF4B-00C04F79EFBC}") = "TemplateMethodPattern", "TemplateMethodPattern\TemplateMethodPattern.csproj", "{DE2F59E3-E7D5-4C28-A09E-94CBA378ABFD}"
EndProject
Project("{FAE04EC0-301F-11D3-BF4B-00C04F79EFBC}") = "VisitorPattern", "VisitorPattern\VisitorPattern.csproj", "{9BB2993B-F7F4-4D20-9858-19295160B756}"
EndProject
Global
	GlobalSection(SolutionConfigurationPlatforms) = preSolution
		Debug|Any CPU = Debug|Any CPU
		Release|Any CPU = Release|Any CPU
	EndGlobalSection
	GlobalSection(ProjectConfigurationPlatforms) = postSolution
		{875B38B4-5B98-41B7-9ED7-60D861A8B74D}.Debug|Any CPU.ActiveCfg = Debug|Any CPU
		{875B38B4-5B98-41B7-9ED7-60D861A8B74D}.Debug|Any CPU.Build.0 = Debug|Any CPU
		{875B38B4-5B98-41B7-9ED7-60D861A8B74D}.Release|Any CPU.ActiveCfg = Release|Any CPU
		{875B38B4-5B98-41B7-9ED7-60D861A8B74D}.Release|Any CPU.Build.0 = Release|Any CPU
		{FCB8AE91-44BF-4D64-AF9C-D0188C4334C7}.Debug|Any CPU.ActiveCfg = Debug|Any CPU
		{FCB8AE91-44BF-4D64-AF9C-D0188C4334C7}.Debug|Any CPU.Build.0 = Debug|Any CPU
		{FCB8AE91-44BF-4D64-AF9C-D0188C4334C7}.Release|Any CPU.ActiveCfg = Release|Any CPU
		{FCB8AE91-44BF-4D64-AF9C-D0188C4334C7}.Release|Any CPU.Build.0 = Release|Any CPU
		{DF50C9D3-2D5D-4E0A-BF71-4E09EA222E6B}.Debug|Any CPU.ActiveCfg = Debug|Any CPU
		{DF50C9D3-2D5D-4E0A-BF71-4E09EA222E6B}.Debug|Any CPU.Build.0 = Debug|Any CPU
		{DF50C9D3-2D5D-4E0A-BF71-4E09EA222E6B}.Release|Any CPU.ActiveCfg = Release|Any CPU
		{DF50C9D3-2D5D-4E0A-BF71-4E09EA222E6B}.Release|Any CPU.Build.0 = Release|Any CPU
		{7ED25AD2-3EC7-4A02-9D22-C53152139EE5}.Debug|Any CPU.ActiveCfg = Debug|Any CPU
		{7ED25AD2-3EC7-4A02-9D22-C53152139EE5}.Debug|Any CPU.Build.0 = Debug|Any CPU
		{7ED25AD2-3EC7-4A02-9D22-C53152139EE5}.Release|Any CPU.ActiveCfg = Release|Any CPU
		{7ED25AD2-3EC7-4A02-9D22-C53152139EE5}.Release|Any CPU.Build.0 = Release|Any CPU
		{03889D89-8030-47E2-82AC-DEA641121253}.Debug|Any CPU.ActiveCfg = Debug|Any CPU
		{03889D89-8030-47E2-82AC-DEA641121253}.Debug|Any CPU.Build.0 = Debug|Any CPU
		{03889D89-8030-47E2-82AC-DEA641121253}.Release|Any CPU.ActiveCfg = Release|Any CPU
		{03889D89-8030-47E2-82AC-DEA641121253}.Release|Any CPU.Build.0 = Release|Any CPU
		{60872186-BE4D-427A-9349-FC385C7C4DA2}.Debug|Any CPU.ActiveCfg = Debug|Any CPU
		{60872186-BE4D-427A-9349-FC385C7C4DA2}.Debug|Any CPU.Build.0 = Debug|Any CPU
		{60872186-BE4D-427A-9349-FC385C7C4DA2}.Release|Any CPU.ActiveCfg = Release|Any CPU
		{60872186-BE4D-427A-9349-FC385C7C4DA2}.Release|Any CPU.Build.0 = Release|Any CPU
		{2AF7A02E-519D-440C-9834-A12DBE4B025C}.Debug|Any CPU.ActiveCfg = Debug|Any CPU
		{2AF7A02E-519D-440C-9834-A12DBE4B025C}.Debug|Any CPU.Build.0 = Debug|Any CPU
		{2AF7A02E-519D-440C-9834-A12DBE4B025C}.Release|Any CPU.ActiveCfg = Release|Any CPU
		{2AF7A02E-519D-440C-9834-A12DBE4B025C}.Release|Any CPU.Build.0 = Release|Any CPU
		{7CEB4457-D4BC-49A8-A05A-9B9669F9DCB5}.Debug|Any CPU.ActiveCfg = Debug|Any CPU
		{7CEB4457-D4BC-49A8-A05A-9B9669F9DCB5}.Debug|Any CPU.Build.0 = Debug|Any CPU
		{7CEB4457-D4BC-49A8-A05A-9B9669F9DCB5}.Release|Any CPU.ActiveCfg = Release|Any CPU
		{7CEB4457-D4BC-49A8-A05A-9B9669F9DCB5}.Release|Any CPU.Build.0 = Release|Any CPU
		{FFB0A610-358F-4772-9893-7E4A1AAA833D}.Debug|Any CPU.ActiveCfg = Debug|Any CPU
		{FFB0A610-358F-4772-9893-7E4A1AAA833D}.Debug|Any CPU.Build.0 = Debug|Any CPU
		{FFB0A610-358F-4772-9893-7E4A1AAA833D}.Release|Any CPU.ActiveCfg = Release|Any CPU
		{FFB0A610-358F-4772-9893-7E4A1AAA833D}.Release|Any CPU.Build.0 = Release|Any CPU
		{CB5746CA-F26E-4DC4-86F2-6037FA87F075}.Debug|Any CPU.ActiveCfg = Debug|Any CPU
		{CB5746CA-F26E-4DC4-86F2-6037FA87F075}.Debug|Any CPU.Build.0 = Debug|Any CPU
		{CB5746CA-F26E-4DC4-86F2-6037FA87F075}.Release|Any CPU.ActiveCfg = Release|Any CPU
		{CB5746CA-F26E-4DC4-86F2-6037FA87F075}.Release|Any CPU.Build.0 = Release|Any CPU
		{EB1E9F7F-291A-4A7E-B282-E21075B3769E}.Debug|Any CPU.ActiveCfg = Debug|Any CPU
		{EB1E9F7F-291A-4A7E-B282-E21075B3769E}.Debug|Any CPU.Build.0 = Debug|Any CPU
		{EB1E9F7F-291A-4A7E-B282-E21075B3769E}.Release|Any CPU.ActiveCfg = Release|Any CPU
		{EB1E9F7F-291A-4A7E-B282-E21075B3769E}.Release|Any CPU.Build.0 = Release|Any CPU
		{C5D2428D-BDE0-4AFC-8B20-74D722535FFF}.Debug|Any CPU.ActiveCfg = Debug|Any CPU
		{C5D2428D-BDE0-4AFC-8B20-74D722535FFF}.Debug|Any CPU.Build.0 = Debug|Any CPU
		{C5D2428D-BDE0-4AFC-8B20-74D722535FFF}.Release|Any CPU.ActiveCfg = Release|Any CPU
		{C5D2428D-BDE0-4AFC-8B20-74D722535FFF}.Release|Any CPU.Build.0 = Release|Any CPU
		{C969B8FE-AFE5-4D4F-99B6-735C4BFD739D}.Debug|Any CPU.ActiveCfg = Debug|Any CPU
		{C969B8FE-AFE5-4D4F-99B6-735C4BFD739D}.Debug|Any CPU.Build.0 = Debug|Any CPU
		{C969B8FE-AFE5-4D4F-99B6-735C4BFD739D}.Release|Any CPU.ActiveCfg = Release|Any CPU
		{C969B8FE-AFE5-4D4F-99B6-735C4BFD739D}.Release|Any CPU.Build.0 = Release|Any CPU
		{5CEBE635-9006-42B8-AD10-38015C836126}.Debug|Any CPU.ActiveCfg = Debug|Any CPU
		{5CEBE635-9006-42B8-AD10-38015C836126}.Debug|Any CPU.Build.0 = Debug|Any CPU
		{5CEBE635-9006-42B8-AD10-38015C836126}.Release|Any CPU.ActiveCfg = Release|Any CPU
		{5CEBE635-9006-42B8-AD10-38015C836126}.Release|Any CPU.Build.0 = Release|Any CPU
		{FDEC618A-32D1-403F-B71F-3E35BAF5A737}.Debug|Any CPU.ActiveCfg = Debug|Any CPU
		{FDEC618A-32D1-403F-B71F-3E35BAF5A737}.Debug|Any CPU.Build.0 = Debug|Any CPU
		{FDEC618A-32D1-403F-B71F-3E35BAF5A737}.Release|Any CPU.ActiveCfg = Release|Any CPU
		{FDEC618A-32D1-403F-B71F-3E35BAF5A737}.Release|Any CPU.Build.0 = Release|Any CPU
		{886F3FA4-6122-4C1E-A2BF-6C3549D16655}.Debug|Any CPU.ActiveCfg = Debug|Any CPU
		{886F3FA4-6122-4C1E-A2BF-6C3549D16655}.Debug|Any CPU.Build.0 = Debug|Any CPU
		{886F3FA4-6122-4C1E-A2BF-6C3549D16655}.Release|Any CPU.ActiveCfg = Release|Any CPU
		{886F3FA4-6122-4C1E-A2BF-6C3549D16655}.Release|Any CPU.Build.0 = Release|Any CPU
		{60196CF4-6497-424B-98A7-4756C87F9461}.Debug|Any CPU.ActiveCfg = Debug|Any CPU
		{60196CF4-6497-424B-98A7-4756C87F9461}.Debug|Any CPU.Build.0 = Debug|Any CPU
		{60196CF4-6497-424B-98A7-4756C87F9461}.Release|Any CPU.ActiveCfg = Release|Any CPU
		{60196CF4-6497-424B-98A7-4756C87F9461}.Release|Any CPU.Build.0 = Release|Any CPU
		{908D9D93-D258-4391-881D-BD2E36E72C96}.Debug|Any CPU.ActiveCfg = Debug|Any CPU
		{908D9D93-D258-4391-881D-BD2E36E72C96}.Debug|Any CPU.Build.0 = Debug|Any CPU
		{908D9D93-D258-4391-881D-BD2E36E72C96}.Release|Any CPU.ActiveCfg = Release|Any CPU
		{908D9D93-D258-4391-881D-BD2E36E72C96}.Release|Any CPU.Build.0 = Release|Any CPU
		{42EADA55-8252-41C9-9FCD-4B9BDFF0F9E8}.Debug|Any CPU.ActiveCfg = Debug|Any CPU
		{42EADA55-8252-41C9-9FCD-4B9BDFF0F9E8}.Debug|Any CPU.Build.0 = Debug|Any CPU
		{42EADA55-8252-41C9-9FCD-4B9BDFF0F9E8}.Release|Any CPU.ActiveCfg = Release|Any CPU
		{42EADA55-8252-41C9-9FCD-4B9BDFF0F9E8}.Release|Any CPU.Build.0 = Release|Any CPU
		{1C36A7EE-D759-4619-9854-AFE7E864FCC7}.Debug|Any CPU.ActiveCfg = Debug|Any CPU
		{1C36A7EE-D759-4619-9854-AFE7E864FCC7}.Debug|Any CPU.Build.0 = Debug|Any CPU
		{1C36A7EE-D759-4619-9854-AFE7E864FCC7}.Release|Any CPU.ActiveCfg = Release|Any CPU
		{1C36A7EE-D759-4619-9854-AFE7E864FCC7}.Release|Any CPU.Build.0 = Release|Any CPU
		{400C1BF9-FF21-4077-934D-B17CEE921EDC}.Debug|Any CPU.ActiveCfg = Debug|Any CPU
		{400C1BF9-FF21-4077-934D-B17CEE921EDC}.Debug|Any CPU.Build.0 = Debug|Any CPU
		{400C1BF9-FF21-4077-934D-B17CEE921EDC}.Release|Any CPU.ActiveCfg = Release|Any CPU
		{400C1BF9-FF21-4077-934D-B17CEE921EDC}.Release|Any CPU.Build.0 = Release|Any CPU
		{DE2F59E3-E7D5-4C28-A09E-94CBA378ABFD}.Debug|Any CPU.ActiveCfg = Debug|Any CPU
		{DE2F59E3-E7D5-4C28-A09E-94CBA378ABFD}.Debug|Any CPU.Build.0 = Debug|Any CPU
		{DE2F59E3-E7D5-4C28-A09E-94CBA378ABFD}.Release|Any CPU.ActiveCfg = Release|Any CPU
		{DE2F59E3-E7D5-4C28-A09E-94CBA378ABFD}.Release|Any CPU.Build.0 = Release|Any CPU
		{9BB2993B-F7F4-4D20-9858-19295160B756}.Debug|Any CPU.ActiveCfg = Debug|Any CPU
		{9BB2993B-F7F4-4D20-9858-19295160B756}.Debug|Any CPU.Build.0 = Debug|Any CPU
		{9BB2993B-F7F4-4D20-9858-19295160B756}.Release|Any CPU.ActiveCfg = Release|Any CPU
		{9BB2993B-F7F4-4D20-9858-19295160B756}.Release|Any CPU.Build.0 = Release|Any CPU
	EndGlobalSection
	GlobalSection(SolutionProperties) = preSolution
		HideSolutionNode = FALSE
	EndGlobalSection
	GlobalSection(NestedProjects) = preSolution
		{B0834926-EB44-4212-88ED-7B98421FA2F8} = {A7223FE2-2F79-4B58-83C6-8693EA7F9960}
		{FCB8AE91-44BF-4D64-AF9C-D0188C4334C7} = {B0834926-EB44-4212-88ED-7B98421FA2F8}
		{06CF8207-7F51-4ADB-8EA0-DAEC96248518} = {3D6758D4-704C-43FA-922D-84C4913DF837}
		{DF50C9D3-2D5D-4E0A-BF71-4E09EA222E6B} = {06CF8207-7F51-4ADB-8EA0-DAEC96248518}
		{A60B76E3-FEF6-4405-BE65-1D025BD297BE} = {3D6758D4-704C-43FA-922D-84C4913DF837}
		{7ED25AD2-3EC7-4A02-9D22-C53152139EE5} = {A60B76E3-FEF6-4405-BE65-1D025BD297BE}
		{45D1B705-D978-4C6A-8DCE-0157034E6FFB} = {3D6758D4-704C-43FA-922D-84C4913DF837}
		{03889D89-8030-47E2-82AC-DEA641121253} = {45D1B705-D978-4C6A-8DCE-0157034E6FFB}
		{272C4849-BB7F-4800-9A9E-FC68BFF3C2C4} = {3D6758D4-704C-43FA-922D-84C4913DF837}
		{60872186-BE4D-427A-9349-FC385C7C4DA2} = {272C4849-BB7F-4800-9A9E-FC68BFF3C2C4}
		{75FB74A8-A9D3-4475-AD3D-C8A3C01E212F} = {3D6758D4-704C-43FA-922D-84C4913DF837}
		{2AF7A02E-519D-440C-9834-A12DBE4B025C} = {75FB74A8-A9D3-4475-AD3D-C8A3C01E212F}
		{7CEB4457-D4BC-49A8-A05A-9B9669F9DCB5} = {7D52428A-F40B-4ACF-9282-063C5A4AFADE}
		{FFB0A610-358F-4772-9893-7E4A1AAA833D} = {7D52428A-F40B-4ACF-9282-063C5A4AFADE}
		{CB5746CA-F26E-4DC4-86F2-6037FA87F075} = {7D52428A-F40B-4ACF-9282-063C5A4AFADE}
		{EB1E9F7F-291A-4A7E-B282-E21075B3769E} = {7D52428A-F40B-4ACF-9282-063C5A4AFADE}
		{C5D2428D-BDE0-4AFC-8B20-74D722535FFF} = {7D52428A-F40B-4ACF-9282-063C5A4AFADE}
		{C969B8FE-AFE5-4D4F-99B6-735C4BFD739D} = {7D52428A-F40B-4ACF-9282-063C5A4AFADE}
		{5CEBE635-9006-42B8-AD10-38015C836126} = {4D6F72EE-4E2A-4423-BC09-B1A8BAE32FBF}
		{FDEC618A-32D1-403F-B71F-3E35BAF5A737} = {4D6F72EE-4E2A-4423-BC09-B1A8BAE32FBF}
		{886F3FA4-6122-4C1E-A2BF-6C3549D16655} = {4D6F72EE-4E2A-4423-BC09-B1A8BAE32FBF}
		{60196CF4-6497-424B-98A7-4756C87F9461} = {4D6F72EE-4E2A-4423-BC09-B1A8BAE32FBF}
		{908D9D93-D258-4391-881D-BD2E36E72C96} = {4D6F72EE-4E2A-4423-BC09-B1A8BAE32FBF}
		{42EADA55-8252-41C9-9FCD-4B9BDFF0F9E8} = {4D6F72EE-4E2A-4423-BC09-B1A8BAE32FBF}
		{1C36A7EE-D759-4619-9854-AFE7E864FCC7} = {4D6F72EE-4E2A-4423-BC09-B1A8BAE32FBF}
		{400C1BF9-FF21-4077-934D-B17CEE921EDC} = {4D6F72EE-4E2A-4423-BC09-B1A8BAE32FBF}
		{DE2F59E3-E7D5-4C28-A09E-94CBA378ABFD} = {4D6F72EE-4E2A-4423-BC09-B1A8BAE32FBF}
		{9BB2993B-F7F4-4D20-9858-19295160B756} = {4D6F72EE-4E2A-4423-BC09-B1A8BAE32FBF}
	EndGlobalSection
EndGlobal
